
Microsoft Visual Studio Solution File, Format Version 12.00
# Visual Studio Version 16
VisualStudioVersion = 16.0.31729.503
MinimumVisualStudioVersion = 10.0.40219.1
Project("{FAE04EC0-301F-11D3-BF4B-00C04F79EFBC}") = "Data", "..\Data\Data.csproj", "{1CF99C20-B26B-4629-B427-BB450878FB4B}"
EndProject
Project("{FAE04EC0-301F-11D3-BF4B-00C04F79EFBC}") = "Utilitary", "..\Utilitary\Utilitary.csproj", "{AD3ADB7E-60E6-4753-ADFA-60716955FBDB}"
EndProject
Project("{FAE04EC0-301F-11D3-BF4B-00C04F79EFBC}") = "Logic", "..\Logic\Logic.csproj", "{FFD05075-AC11-4DFD-901D-EAE3A5EEF334}"
EndProject
Project("{FAE04EC0-301F-11D3-BF4B-00C04F79EFBC}") = "API", "..\API\API.csproj", "{D237DE2B-F74C-4310-AB93-A065AC49BB9F}"
EndProject
Global
	GlobalSection(SolutionConfigurationPlatforms) = preSolution
		Debug|Any CPU = Debug|Any CPU
		Release|Any CPU = Release|Any CPU
	EndGlobalSection
	GlobalSection(ProjectConfigurationPlatforms) = postSolution
		{1CF99C20-B26B-4629-B427-BB450878FB4B}.Debug|Any CPU.ActiveCfg = Debug|Any CPU
		{1CF99C20-B26B-4629-B427-BB450878FB4B}.Debug|Any CPU.Build.0 = Debug|Any CPU
		{1CF99C20-B26B-4629-B427-BB450878FB4B}.Release|Any CPU.ActiveCfg = Release|Any CPU
		{1CF99C20-B26B-4629-B427-BB450878FB4B}.Release|Any CPU.Build.0 = Release|Any CPU
		{AD3ADB7E-60E6-4753-ADFA-60716955FBDB}.Debug|Any CPU.ActiveCfg = Debug|Any CPU
		{AD3ADB7E-60E6-4753-ADFA-60716955FBDB}.Debug|Any CPU.Build.0 = Debug|Any CPU
		{AD3ADB7E-60E6-4753-ADFA-60716955FBDB}.Release|Any CPU.ActiveCfg = Release|Any CPU
		{AD3ADB7E-60E6-4753-ADFA-60716955FBDB}.Release|Any CPU.Build.0 = Release|Any CPU
		{FFD05075-AC11-4DFD-901D-EAE3A5EEF334}.Debug|Any CPU.ActiveCfg = Debug|Any CPU
		{FFD05075-AC11-4DFD-901D-EAE3A5EEF334}.Debug|Any CPU.Build.0 = Debug|Any CPU
		{FFD05075-AC11-4DFD-901D-EAE3A5EEF334}.Release|Any CPU.ActiveCfg = Release|Any CPU
		{FFD05075-AC11-4DFD-901D-EAE3A5EEF334}.Release|Any CPU.Build.0 = Release|Any CPU
		{D237DE2B-F74C-4310-AB93-A065AC49BB9F}.Debug|Any CPU.ActiveCfg = Debug|Any CPU
		{D237DE2B-F74C-4310-AB93-A065AC49BB9F}.Debug|Any CPU.Build.0 = Debug|Any CPU
		{D237DE2B-F74C-4310-AB93-A065AC49BB9F}.Release|Any CPU.ActiveCfg = Release|Any CPU
		{D237DE2B-F74C-4310-AB93-A065AC49BB9F}.Release|Any CPU.Build.0 = Release|Any CPU
	EndGlobalSection
	GlobalSection(SolutionProperties) = preSolution
		HideSolutionNode = FALSE
	EndGlobalSection
	GlobalSection(ExtensibilityGlobals) = postSolution
		SolutionGuid = {9146E85A-C2AA-4506-9FF3-926424779F1D}
	EndGlobalSection
EndGlobal
